
Microsoft Visual Studio Solution File, Format Version 12.00
# Visual Studio Version 16
VisualStudioVersion = 16.0.31129.286
MinimumVisualStudioVersion = 10.0.40219.1
Project("{FAE04EC0-301F-11D3-BF4B-00C04F79EFBC}") = "ECommerce.Backend", "ECommerce.Backend\ECommerce.Backend.csproj", "{729A965C-71E4-4B95-81A3-AFAE0D07BF28}"
EndProject
Project("{FAE04EC0-301F-11D3-BF4B-00C04F79EFBC}") = "ECommerce.Client", "ECommerce.Client\ECommerce.Client.csproj", "{887187C8-EDD3-41A0-AD93-B33461254A75}"
EndProject
Project("{FAE04EC0-301F-11D3-BF4B-00C04F79EFBC}") = "ECommerce.Shared", "ECommerce.Shared\ECommerce.Shared.csproj", "{DED5F01E-A694-4978-B734-0BBC54BED935}"
EndProject
Global
	GlobalSection(SolutionConfigurationPlatforms) = preSolution
		Debug|Any CPU = Debug|Any CPU
		Release|Any CPU = Release|Any CPU
	EndGlobalSection
	GlobalSection(ProjectConfigurationPlatforms) = postSolution
		{729A965C-71E4-4B95-81A3-AFAE0D07BF28}.Debug|Any CPU.ActiveCfg = Debug|Any CPU
		{729A965C-71E4-4B95-81A3-AFAE0D07BF28}.Debug|Any CPU.Build.0 = Debug|Any CPU
		{729A965C-71E4-4B95-81A3-AFAE0D07BF28}.Release|Any CPU.ActiveCfg = Release|Any CPU
		{729A965C-71E4-4B95-81A3-AFAE0D07BF28}.Release|Any CPU.Build.0 = Release|Any CPU
		{887187C8-EDD3-41A0-AD93-B33461254A75}.Debug|Any CPU.ActiveCfg = Debug|Any CPU
		{887187C8-EDD3-41A0-AD93-B33461254A75}.Debug|Any CPU.Build.0 = Debug|Any CPU
		{887187C8-EDD3-41A0-AD93-B33461254A75}.Release|Any CPU.ActiveCfg = Release|Any CPU
		{887187C8-EDD3-41A0-AD93-B33461254A75}.Release|Any CPU.Build.0 = Release|Any CPU
		{DED5F01E-A694-4978-B734-0BBC54BED935}.Debug|Any CPU.ActiveCfg = Debug|Any CPU
		{DED5F01E-A694-4978-B734-0BBC54BED935}.Debug|Any CPU.Build.0 = Debug|Any CPU
		{DED5F01E-A694-4978-B734-0BBC54BED935}.Release|Any CPU.ActiveCfg = Release|Any CPU
		{DED5F01E-A694-4978-B734-0BBC54BED935}.Release|Any CPU.Build.0 = Release|Any CPU
	EndGlobalSection
	GlobalSection(SolutionProperties) = preSolution
		HideSolutionNode = FALSE
	EndGlobalSection
	GlobalSection(ExtensibilityGlobals) = postSolution
		SolutionGuid = {2B7DD4D5-D081-4D39-82BA-60525535F91E}
	EndGlobalSection
EndGlobal
